// !$*UTF8*$!
{
	archiveVersion = 1;
	classes = {
	};
	objectVersion = 50;
	objects = {

/* Begin PBXBuildFile section */
		8CD4E91F21F6BD0200733EC9 /* AppDelegate.swift in Sources */ = {isa = PBXBuildFile; fileRef = 8CD4E91E21F6BD0200733EC9 /* AppDelegate.swift */; };
		8CD4E92121F6BD0200733EC9 /* ViewController.swift in Sources */ = {isa = PBXBuildFile; fileRef = 8CD4E92021F6BD0200733EC9 /* ViewController.swift */; };
		8CD4E92421F6BD0200733EC9 /* Main.storyboard in Resources */ = {isa = PBXBuildFile; fileRef = 8CD4E92221F6BD0200733EC9 /* Main.storyboard */; };
		8CD4E92621F6BD0300733EC9 /* Assets.xcassets in Resources */ = {isa = PBXBuildFile; fileRef = 8CD4E92521F6BD0300733EC9 /* Assets.xcassets */; };
		8CD4E92921F6BD0300733EC9 /* LaunchScreen.storyboard in Resources */ = {isa = PBXBuildFile; fileRef = 8CD4E92721F6BD0300733EC9 /* LaunchScreen.storyboard */; };
		8CD4E93121F6BD1E00733EC9 /* SheetViewAnimator.swift in Sources */ = {isa = PBXBuildFile; fileRef = 8CD4E93021F6BD1E00733EC9 /* SheetViewAnimator.swift */; };
		8CD4E93321F6C35300733EC9 /* PresentationController.swift in Sources */ = {isa = PBXBuildFile; fileRef = 8CD4E93221F6C35300733EC9 /* PresentationController.swift */; };
		8CD4E93521F6DA3100733EC9 /* SheetViewController.swift in Sources */ = {isa = PBXBuildFile; fileRef = 8CD4E93421F6DA3100733EC9 /* SheetViewController.swift */; };
/* End PBXBuildFile section */

/* Begin PBXFileReference section */
		8CD4E91B21F6BD0200733EC9 /* TransitionSample.app */ = {isa = PBXFileReference; explicitFileType = wrapper.application; includeInIndex = 0; path = TransitionSample.app; sourceTree = BUILT_PRODUCTS_DIR; };
		8CD4E91E21F6BD0200733EC9 /* AppDelegate.swift */ = {isa = PBXFileReference; lastKnownFileType = sourcecode.swift; path = AppDelegate.swift; sourceTree = "<group>"; };
		8CD4E92021F6BD0200733EC9 /* ViewController.swift */ = {isa = PBXFileReference; lastKnownFileType = sourcecode.swift; path = ViewController.swift; sourceTree = "<group>"; };
		8CD4E92321F6BD0200733EC9 /* Base */ = {isa = PBXFileReference; lastKnownFileType = file.storyboard; name = Base; path = Base.lproj/Main.storyboard; sourceTree = "<group>"; };
		8CD4E92521F6BD0300733EC9 /* Assets.xcassets */ = {isa = PBXFileReference; lastKnownFileType = folder.assetcatalog; path = Assets.xcassets; sourceTree = "<group>"; };
		8CD4E92821F6BD0300733EC9 /* Base */ = {isa = PBXFileReference; lastKnownFileType = file.storyboard; name = Base; path = Base.lproj/LaunchScreen.storyboard; sourceTree = "<group>"; };
		8CD4E92A21F6BD0300733EC9 /* Info.plist */ = {isa = PBXFileReference; lastKnownFileType = text.plist.xml; path = Info.plist; sourceTree = "<group>"; };
		8CD4E93021F6BD1E00733EC9 /* SheetViewAnimator.swift */ = {isa = PBXFileReference; lastKnownFileType = sourcecode.swift; path = SheetViewAnimator.swift; sourceTree = "<group>"; };
		8CD4E93221F6C35300733EC9 /* PresentationController.swift */ = {isa = PBXFileReference; lastKnownFileType = sourcecode.swift; path = PresentationController.swift; sourceTree = "<group>"; };
		8CD4E93421F6DA3100733EC9 /* SheetViewController.swift */ = {isa = PBXFileReference; lastKnownFileType = sourcecode.swift; path = SheetViewController.swift; sourceTree = "<group>"; };
/* End PBXFileReference section */

/* Begin PBXFrameworksBuildPhase section */
		8CD4E91821F6BD0200733EC9 /* Frameworks */ = {
			isa = PBXFrameworksBuildPhase;
			buildActionMask = 2147483647;
			files = (
			);
			runOnlyForDeploymentPostprocessing = 0;
		};
/* End PBXFrameworksBuildPhase section */

/* Begin PBXGroup section */
		8CD4E91221F6BD0200733EC9 = {
			isa = PBXGroup;
			children = (
				8CD4E91D21F6BD0200733EC9 /* TransitionSample */,
				8CD4E91C21F6BD0200733EC9 /* Products */,
			);
			sourceTree = "<group>";
		};
		8CD4E91C21F6BD0200733EC9 /* Products */ = {
			isa = PBXGroup;
			children = (
				8CD4E91B21F6BD0200733EC9 /* TransitionSample.app */,
			);
			name = Products;
			sourceTree = "<group>";
		};
		8CD4E91D21F6BD0200733EC9 /* TransitionSample */ = {
			isa = PBXGroup;
			children = (
				8CD4E91E21F6BD0200733EC9 /* AppDelegate.swift */,
				8CD4E92021F6BD0200733EC9 /* ViewController.swift */,
				8CD4E92221F6BD0200733EC9 /* Main.storyboard */,
				8CD4E92521F6BD0300733EC9 /* Assets.xcassets */,
				8CD4E92721F6BD0300733EC9 /* LaunchScreen.storyboard */,
				8CD4E92A21F6BD0300733EC9 /* Info.plist */,
				8CD4E93021F6BD1E00733EC9 /* SheetViewAnimator.swift */,
				8CD4E93221F6C35300733EC9 /* PresentationController.swift */,
				8CD4E93421F6DA3100733EC9 /* SheetViewController.swift */,
			);
			path = TransitionSample;
			sourceTree = "<group>";
		};
/* End PBXGroup section */

/* Begin PBXNativeTarget section */
		8CD4E91A21F6BD0200733EC9 /* TransitionSample */ = {
			isa = PBXNativeTarget;
			buildConfigurationList = 8CD4E92D21F6BD0300733EC9 /* Build configuration list for PBXNativeTarget "TransitionSample" */;
			buildPhases = (
				8CD4E91721F6BD0200733EC9 /* Sources */,
				8CD4E91821F6BD0200733EC9 /* Frameworks */,
				8CD4E91921F6BD0200733EC9 /* Resources */,
			);
			buildRules = (
			);
			dependencies = (
			);
			name = TransitionSample;
			productName = TransitionSample;
			productReference = 8CD4E91B21F6BD0200733EC9 /* TransitionSample.app */;
			productType = "com.apple.product-type.application";
		};
/* End PBXNativeTarget section */

/* Begin PBXProject section */
		8CD4E91321F6BD0200733EC9 /* Project object */ = {
			isa = PBXProject;
			attributes = {
				LastSwiftUpdateCheck = 1010;
				LastUpgradeCheck = 1010;
				ORGANIZATIONNAME = "SHINGAI YOSHIMI";
				TargetAttributes = {
					8CD4E91A21F6BD0200733EC9 = {
						CreatedOnToolsVersion = 10.1;
					};
				};
			};
			buildConfigurationList = 8CD4E91621F6BD0200733EC9 /* Build configuration list for PBXProject "TransitionSample" */;
			compatibilityVersion = "Xcode 9.3";
			developmentRegion = en;
			hasScannedForEncodings = 0;
			knownRegions = (
				en,
				Base,
			);
			mainGroup = 8CD4E91221F6BD0200733EC9;
			productRefGroup = 8CD4E91C21F6BD0200733EC9 /* Products */;
			projectDirPath = "";
			projectRoot = "";
			targets = (
				8CD4E91A21F6BD0200733EC9 /* TransitionSample */,
			);
		};
/* End PBXProject section */

/* Begin PBXResourcesBuildPhase section */
		8CD4E91921F6BD0200733EC9 /* Resources */ = {
			isa = PBXResourcesBuildPhase;
			buildActionMask = 2147483647;
			files = (
				8CD4E92921F6BD0300733EC9 /* LaunchScreen.storyboard in Resources */,
				8CD4E92621F6BD0300733EC9 /* Assets.xcassets in Resources */,
				8CD4E92421F6BD0200733EC9 /* Main.storyboard in Resources */,
			);
			runOnlyForDeploymentPostprocessing = 0;
		};
/* End PBXResourcesBuildPhase section */

/* Begin PBXSourcesBuildPhase section */
		8CD4E91721F6BD0200733EC9 /* Sources */ = {
			isa = PBXSourcesBuildPhase;
			buildActionMask = 2147483647;
			files = (
				8CD4E92121F6BD0200733EC9 /* ViewController.swift in Sources */,
				8CD4E93521F6DA3100733EC9 /* SheetViewController.swift in Sources */,
				8CD4E91F21F6BD0200733EC9 /* AppDelegate.swift in Sources */,
				8CD4E93121F6BD1E00733EC9 /* SheetViewAnimator.swift in Sources */,
				8CD4E93321F6C35300733EC9 /* PresentationController.swift in Sources */,
			);
			runOnlyForDeploymentPostprocessing = 0;
		};
/* End PBXSourcesBuildPhase section */

/* Begin PBXVariantGroup section */
		8CD4E92221F6BD0200733EC9 /* Main.storyboard */ = {
			isa = PBXVariantGroup;
			children = (
				8CD4E92321F6BD0200733EC9 /* Base */,
			);
			name = Main.storyboard;
			sourceTree = "<group>";
		};
		8CD4E92721F6BD0300733EC9 /* LaunchScreen.storyboard */ = {
			isa = PBXVariantGroup;
			children = (
				8CD4E92821F6BD0300733EC9 /* Base */,
			);
			name = LaunchScreen.storyboard;
			sourceTree = "<group>";
		};
/* End PBXVariantGroup section */

/* Begin XCBuildConfiguration section */
		8CD4E92B21F6BD0300733EC9 /* Debug */ = {
			isa = XCBuildConfiguration;
			buildSettings = {
				ALWAYS_SEARCH_USER_PATHS = NO;
				CLANG_ANALYZER_NONNULL = YES;
				CLANG_ANALYZER_NUMBER_OBJECT_CONVERSION = YES_AGGRESSIVE;
				CLANG_CXX_LANGUAGE_STANDARD = "gnu++14";
				CLANG_CXX_LIBRARY = "libc++";
				CLANG_ENABLE_MODULES = YES;
				CLANG_ENABLE_OBJC_ARC = YES;
				CLANG_ENABLE_OBJC_WEAK = YES;
				CLANG_WARN_BLOCK_CAPTURE_AUTORELEASING = YES;
				CLANG_WARN_BOOL_CONVERSION = YES;
				CLANG_WARN_COMMA = YES;
				CLANG_WARN_CONSTANT_CONVERSION = YES;
				CLANG_WARN_DEPRECATED_OBJC_IMPLEMENTATIONS = YES;
				CLANG_WARN_DIRECT_OBJC_ISA_USAGE = YES_ERROR;
				CLANG_WARN_DOCUMENTATION_COMMENTS = YES;
				CLANG_WARN_EMPTY_BODY = YES;
				CLANG_WARN_ENUM_CONVERSION = YES;
				CLANG_WARN_INFINITE_RECURSION = YES;
				CLANG_WARN_INT_CONVERSION = YES;
				CLANG_WARN_NON_LITERAL_NULL_CONVERSION = YES;
				CLANG_WARN_OBJC_IMPLICIT_RETAIN_SELF = YES;
				CLANG_WARN_OBJC_LITERAL_CONVERSION = YES;
				CLANG_WARN_OBJC_ROOT_CLASS = YES_ERROR;
				CLANG_WARN_RANGE_LOOP_ANALYSIS = YES;
				CLANG_WARN_STRICT_PROTOTYPES = YES;
				CLANG_WARN_SUSPICIOUS_MOVE = YES;
				CLANG_WARN_UNGUARDED_AVAILABILITY = YES_AGGRESSIVE;
				CLANG_WARN_UNREACHABLE_CODE = YES;
				CLANG_WARN__DUPLICATE_METHOD_MATCH = YES;
				CODE_SIGN_IDENTITY = "iPhone Developer";
				COPY_PHASE_STRIP = NO;
				DEBUG_INFORMATION_FORMAT = dwarf;
				ENABLE_STRICT_OBJC_MSGSEND = YES;
				ENABLE_TESTABILITY = YES;
				GCC_C_LANGUAGE_STANDARD = gnu11;
				GCC_DYNAMIC_NO_PIC = NO;
				GCC_NO_COMMON_BLOCKS = YES;
				GCC_OPTIMIZATION_LEVEL = 0;
				GCC_PREPROCESSOR_DEFINITIONS = (
					"DEBUG=1",
					"$(inherited)",
				);
				GCC_WARN_64_TO_32_BIT_CONVERSION = YES;
				GCC_WARN_ABOUT_RETURN_TYPE = YES_ERROR;
				GCC_WARN_UNDECLARED_SELECTOR = YES;
				GCC_WARN_UNINITIALIZED_AUTOS = YES_AGGRESSIVE;
				GCC_WARN_UNUSED_FUNCTION = YES;
				GCC_WARN_UNUSED_VARIABLE = YES;
				IPHONEOS_DEPLOYMENT_TARGET = 12.1;
				MTL_ENABLE_DEBUG_INFO = INCLUDE_SOURCE;
				MTL_FAST_MATH = YES;
				ONLY_ACTIVE_ARCH = YES;
				SDKROOT = iphoneos;
				SWIFT_ACTIVE_COMPILATION_CONDITIONS = DEBUG;
				SWIFT_OPTIMIZATION_LEVEL = "-Onone";
			};
			name = Debug;
		};
		8CD4E92C21F6BD0300733EC9 /* Release */ = {
			isa = XCBuildConfiguration;
			buildSettings = {
				ALWAYS_SEARCH_USER_PATHS = NO;
				CLANG_ANALYZER_NONNULL = YES;
				CLANG_ANALYZER_NUMBER_OBJECT_CONVERSION = YES_AGGRESSIVE;
				CLANG_CXX_LANGUAGE_STANDARD = "gnu++14";
				CLANG_CXX_LIBRARY = "libc++";
				CLANG_ENABLE_MODULES = YES;
				CLANG_ENABLE_OBJC_ARC = YES;
				CLANG_ENABLE_OBJC_WEAK = YES;
				CLANG_WARN_BLOCK_CAPTURE_AUTORELEASING = YES;
				CLANG_WARN_BOOL_CONVERSION = YES;
				CLANG_WARN_COMMA = YES;
				CLANG_WARN_CONSTANT_CONVERSION = YES;
				CLANG_WARN_DEPRECATED_OBJC_IMPLEMENTATIONS = YES;
				CLANG_WARN_DIRECT_OBJC_ISA_USAGE = YES_ERROR;
				CLANG_WARN_DOCUMENTATION_COMMENTS = YES;
				CLANG_WARN_EMPTY_BODY = YES;
				CLANG_WARN_ENUM_CONVERSION = YES;
				CLANG_WARN_INFINITE_RECURSION = YES;
				CLANG_WARN_INT_CONVERSION = YES;
				CLANG_WARN_NON_LITERAL_NULL_CONVERSION = YES;
				CLANG_WARN_OBJC_IMPLICIT_RETAIN_SELF = YES;
				CLANG_WARN_OBJC_LITERAL_CONVERSION = YES;
				CLANG_WARN_OBJC_ROOT_CLASS = YES_ERROR;
				CLANG_WARN_RANGE_LOOP_ANALYSIS = YES;
				CLANG_WARN_STRICT_PROTOTYPES = YES;
				CLANG_WARN_SUSPICIOUS_MOVE = YES;
				CLANG_WARN_UNGUARDED_AVAILABILITY = YES_AGGRESSIVE;
				CLANG_WARN_UNREACHABLE_CODE = YES;
				CLANG_WARN__DUPLICATE_METHOD_MATCH = YES;
				CODE_SIGN_IDENTITY = "iPhone Developer";
				COPY_PHASE_STRIP = NO;
				DEBUG_INFORMATION_FORMAT = "dwarf-with-dsym";
				ENABLE_NS_ASSERTIONS = NO;
				ENABLE_STRICT_OBJC_MSGSEND = YES;
				GCC_C_LANGUAGE_STANDARD = gnu11;
				GCC_NO_COMMON_BLOCKS = YES;
				GCC_WARN_64_TO_32_BIT_CONVERSION = YES;
				GCC_WARN_ABOUT_RETURN_TYPE = YES_ERROR;
				GCC_WARN_UNDECLARED_SELECTOR = YES;
				GCC_WARN_UNINITIALIZED_AUTOS = YES_AGGRESSIVE;
				GCC_WARN_UNUSED_FUNCTION = YES;
				GCC_WARN_UNUSED_VARIABLE = YES;
				IPHONEOS_DEPLOYMENT_TARGET = 12.1;
				MTL_ENABLE_DEBUG_INFO = NO;
				MTL_FAST_MATH = YES;
				SDKROOT = iphoneos;
				SWIFT_COMPILATION_MODE = wholemodule;
				SWIFT_OPTIMIZATION_LEVEL = "-O";
				VALIDATE_PRODUCT = YES;
			};
			name = Release;
		};
		8CD4E92E21F6BD0300733EC9 /* Debug */ = {
			isa = XCBuildConfiguration;
			buildSettings = {
				ASSETCATALOG_COMPILER_APPICON_NAME = AppIcon;
				CODE_SIGN_STYLE = Automatic;
				DEVELOPMENT_TEAM = 8VH8EM39K7;
				INFOPLIST_FILE = TransitionSample/Info.plist;
				IPHONEOS_DEPLOYMENT_TARGET = 11.0;
				LD_RUNPATH_SEARCH_PATHS = (
					"$(inherited)",
					"@executable_path/Frameworks",
				);
				PRODUCT_BUNDLE_IDENTIFIER = com.sample.TransitionSample;
				PRODUCT_NAME = "$(TARGET_NAME)";
				SWIFT_VERSION = 4.2;
				TARGETED_DEVICE_FAMILY = "1,2";
			};
			name = Debug;
		};
		8CD4E92F21F6BD0300733EC9 /* Release */ = {
			isa = XCBuildConfiguration;
			buildSettings = {
				ASSETCATALOG_COMPILER_APPICON_NAME = AppIcon;
				CODE_SIGN_STYLE = Automatic;
				DEVELOPMENT_TEAM = 8VH8EM39K7;
				INFOPLIST_FILE = TransitionSample/Info.plist;
				IPHONEOS_DEPLOYMENT_TARGET = 11.0;
				LD_RUNPATH_SEARCH_PATHS = (
					"$(inherited)",
					"@executable_path/Frameworks",
				);
				PRODUCT_BUNDLE_IDENTIFIER = com.sample.TransitionSample;
				PRODUCT_NAME = "$(TARGET_NAME)";
				SWIFT_VERSION = 4.2;
				TARGETED_DEVICE_FAMILY = "1,2";
			};
			name = Release;
		};
/* End XCBuildConfiguration section */

/* Begin XCConfigurationList section */
		8CD4E91621F6BD0200733EC9 /* Build configuration list for PBXProject "TransitionSample" */ = {
			isa = XCConfigurationList;
			buildConfigurations = (
				8CD4E92B21F6BD0300733EC9 /* Debug */,
				8CD4E92C21F6BD0300733EC9 /* Release */,
			);
			defaultConfigurationIsVisible = 0;
			defaultConfigurationName = Release;
		};
		8CD4E92D21F6BD0300733EC9 /* Build configuration list for PBXNativeTarget "TransitionSample" */ = {
			isa = XCConfigurationList;
			buildConfigurations = (
				8CD4E92E21F6BD0300733EC9 /* Debug */,
				8CD4E92F21F6BD0300733EC9 /* Release */,
			);
			defaultConfigurationIsVisible = 0;
			defaultConfigurationName = Release;
		};
/* End XCConfigurationList section */
	};
	rootObject = 8CD4E91321F6BD0200733EC9 /* Project object */;
}
